
Microsoft Visual Studio Solution File, Format Version 12.00
# Visual Studio Version 16
VisualStudioVersion = 16.0.30517.126
MinimumVisualStudioVersion = 10.0.40219.1
Project("{FAE04EC0-301F-11D3-BF4B-00C04F79EFBC}") = "MoreStrings", "MoreStrings\MoreStrings.csproj", "{443C4C38-AE3E-4856-BFDF-6088C41E6F4D}"
EndProject
Project("{FAE04EC0-301F-11D3-BF4B-00C04F79EFBC}") = "DontPanic", "DontPanic\DontPanic.csproj", "{6C272C12-4F50-482E-92A1-82EDCDF53068}"
EndProject
Project("{FAE04EC0-301F-11D3-BF4B-00C04F79EFBC}") = "DontPanicNCounter", "DontPanicNCounter\DontPanicNCounter.csproj", "{04608560-996A-46CA-9ACA-3FADF8863CFE}"
EndProject
Project("{FAE04EC0-301F-11D3-BF4B-00C04F79EFBC}") = "HOLCounter", "HOLCounter\HOLCounter.csproj", "{9C1AA0C0-01B7-47A6-A722-92A6DB258AEF}"
EndProject
Global
	GlobalSection(SolutionConfigurationPlatforms) = preSolution
		Debug|Any CPU = Debug|Any CPU
		Release|Any CPU = Release|Any CPU
	EndGlobalSection
	GlobalSection(ProjectConfigurationPlatforms) = postSolution
		{443C4C38-AE3E-4856-BFDF-6088C41E6F4D}.Debug|Any CPU.ActiveCfg = Debug|Any CPU
		{443C4C38-AE3E-4856-BFDF-6088C41E6F4D}.Debug|Any CPU.Build.0 = Debug|Any CPU
		{443C4C38-AE3E-4856-BFDF-6088C41E6F4D}.Release|Any CPU.ActiveCfg = Release|Any CPU
		{443C4C38-AE3E-4856-BFDF-6088C41E6F4D}.Release|Any CPU.Build.0 = Release|Any CPU
		{6C272C12-4F50-482E-92A1-82EDCDF53068}.Debug|Any CPU.ActiveCfg = Debug|Any CPU
		{6C272C12-4F50-482E-92A1-82EDCDF53068}.Debug|Any CPU.Build.0 = Debug|Any CPU
		{6C272C12-4F50-482E-92A1-82EDCDF53068}.Release|Any CPU.ActiveCfg = Release|Any CPU
		{6C272C12-4F50-482E-92A1-82EDCDF53068}.Release|Any CPU.Build.0 = Release|Any CPU
		{04608560-996A-46CA-9ACA-3FADF8863CFE}.Debug|Any CPU.ActiveCfg = Debug|Any CPU
		{04608560-996A-46CA-9ACA-3FADF8863CFE}.Debug|Any CPU.Build.0 = Debug|Any CPU
		{04608560-996A-46CA-9ACA-3FADF8863CFE}.Release|Any CPU.ActiveCfg = Release|Any CPU
		{04608560-996A-46CA-9ACA-3FADF8863CFE}.Release|Any CPU.Build.0 = Release|Any CPU
		{9C1AA0C0-01B7-47A6-A722-92A6DB258AEF}.Debug|Any CPU.ActiveCfg = Debug|Any CPU
		{9C1AA0C0-01B7-47A6-A722-92A6DB258AEF}.Debug|Any CPU.Build.0 = Debug|Any CPU
		{9C1AA0C0-01B7-47A6-A722-92A6DB258AEF}.Release|Any CPU.ActiveCfg = Release|Any CPU
		{9C1AA0C0-01B7-47A6-A722-92A6DB258AEF}.Release|Any CPU.Build.0 = Release|Any CPU
	EndGlobalSection
	GlobalSection(SolutionProperties) = preSolution
		HideSolutionNode = FALSE
	EndGlobalSection
	GlobalSection(ExtensibilityGlobals) = postSolution
		SolutionGuid = {7B5D7A2C-9CF7-4744-B3A1-9DBDD02235D3}
	EndGlobalSection
EndGlobal
